
Microsoft Visual Studio Solution File, Format Version 12.00
# Visual Studio Version 17
VisualStudioVersion = 17.2.32526.322
MinimumVisualStudioVersion = 10.0.40219.1
Project("{FAE04EC0-301F-11D3-BF4B-00C04F79EFBC}") = "RAL", "RAL\RAL.csproj", "{9A539653-8B50-4683-A0EE-55DC801B12B4}"
EndProject
Global
	GlobalSection(SolutionConfigurationPlatforms) = preSolution
		Debug|Any CPU = Debug|Any CPU
		Release|Any CPU = Release|Any CPU
	EndGlobalSection
	GlobalSection(ProjectConfigurationPlatforms) = postSolution
		{9A539653-8B50-4683-A0EE-55DC801B12B4}.Debug|Any CPU.ActiveCfg = Debug|Any CPU
		{9A539653-8B50-4683-A0EE-55DC801B12B4}.Debug|Any CPU.Build.0 = Debug|Any CPU
		{9A539653-8B50-4683-A0EE-55DC801B12B4}.Release|Any CPU.ActiveCfg = Release|Any CPU
		{9A539653-8B50-4683-A0EE-55DC801B12B4}.Release|Any CPU.Build.0 = Release|Any CPU
	EndGlobalSection
	GlobalSection(SolutionProperties) = preSolution
		HideSolutionNode = FALSE
	EndGlobalSection
	GlobalSection(ExtensibilityGlobals) = postSolution
		SolutionGuid = {30100144-C6EA-4F28-9FD2-0AAD9769DF2D}
	EndGlobalSection
EndGlobal
